{
  "name": "fixtures",
  "version": "1.0.0",
  "lockfileVersion": 2,
  "requires": true,
  "packages": {
    "": {
      "name": "fixtures",
      "version": "1.0.0",
      "license": "ISC",
      "dependencies": {
        "@fontsource/open-sans": "^4.2.1"
      }
    },
    "node_modules/@fontsource/open-sans": {
      "version": "4.2.1",
      "resolved": "https://registry.npmjs.org/@fontsource/open-sans/-/open-sans-4.2.1.tgz",
      "integrity": "sha512-CfvS4yIrZxBA9FoITkceFUM3HS9MYty8qZJ/Jq1m4NRqQlJX7Jc8KV4k/APG1h16jdp9ilU6VmZbdLwPxXr7Yw=="
    }
  },
  "dependencies": {
    "@fontsource/open-sans": {
      "version": "4.2.1",
      "resolved": "https://registry.npmjs.org/@fontsource/open-sans/-/open-sans-4.2.1.tgz",
      "integrity": "sha512-CfvS4yIrZxBA9FoITkceFUM3HS9MYty8qZJ/Jq1m4NRqQlJX7Jc8KV4k/APG1h16jdp9ilU6VmZbdLwPxXr7Yw=="
    }
  }
}
