{
  "name": "fixtures",
  "version": "1.0.0",
  "lockfileVersion": 1,
  "requires": true,
  "dependencies": {
    "@fontsource/open-sans": {
      "version": "4.2.1",
      "resolved": "https://registry.npmjs.org/@fontsource/open-sans/-/open-sans-4.2.1.tgz",
      "integrity": "sha512-CfvS4yIrZxBA9FoITkceFUM3HS9MYty8qZJ/Jq1m4NRqQlJX7Jc8KV4k/APG1h16jdp9ilU6VmZbdLwPxXr7Yw=="
    }
  }
}
